--- 
hash: bff8f6ee34d0fd4ae60195fb144eb1b53d69d8f1
sources: 
- Rubygems: 
    uri: http://gemcutter.org
specs: 
- rake: 
    version: 0.8.7
- abstract: 
    version: 1.0.0
- builder: 
    version: 2.1.2
- i18n: 
    version: 0.3.7
- memcache-client: 
    version: 1.7.8
- tzinfo: 
    version: 0.3.22
- activesupport: 
    version: 3.0.0.beta
- activemodel: 
    version: 3.0.0.beta
- erubis: 
    version: 2.6.6
- rack: 
    version: 1.1.0
- rack-mount: 
    version: 0.4.7
- rack-test: 
    version: 0.5.4
- actionpack: 
    version: 3.0.0.beta
- mime-types: 
    version: "1.16"
- polyglot: 
    version: 0.3.1
- treetop: 
    version: 1.4.8
- mail: 
    version: 2.1.5.3
- text-hyphen: 
    version: 1.0.0
- text-format: 
    version: 1.0.0
- actionmailer: 
    version: 3.0.0.beta
- arel: 
    version: 0.2.1
- activerecord: 
    version: 3.0.0.beta
- activeresource: 
    version: 3.0.0.beta
- crack: 
    version: 0.1.6
- hashie: 
    version: 0.2.1
- httpclient: 
    version: 2.1.5.2
- asin: 
    version: 0.0.6
- bundler: 
    version: 0.9.26
- coderay: 
    version: 0.9.3
- haml: 
    version: 2.2.24
- json_pure: 
    version: 1.4.3
- rubyforge: 
    version: 2.0.4
- hoe: 
    version: 2.6.1
- httparty: 
    version: 0.5.2
- oauth: 
    version: 0.4.1
- thor: 
    version: 0.13.7
- railties: 
    version: 3.0.0.beta
- rails: 
    version: 3.0.0.beta
- sqlite3-ruby: 
    version: 1.2.5
- test-unit: 
    version: 1.2.3
- yajl-ruby: 
    version: 0.7.7
- twitter: 
    version: 0.9.7
dependencies: 
  rails: 
    version: = 3.0.0.beta
    group: 
    - :default
  sqlite3-ruby: 
    version: = 1.2.5
    group: 
    - :default
    require: 
    - sqlite3
  haml: 
    version: = 2.2.24
    group: 
    - :default
  twitter: 
    version: = 0.9.7
    group: 
    - :default
  hashie: 
    version: = 0.2.1
    group: 
    - :default
  coderay: 
    version: = 0.9.3
    group: 
    - :default
  asin: 
    version: = 0.0.6
    group: 
    - :default
  test-unit: 
    version: = 1.2.3
    group: 
    - :test
